schema: '2.0'
stages:
  data_ingestion:
    cmd: python src/data_ingestion.py
    deps:
    - path: src/data_ingestion.py
      hash: md5
      md5: 554da804a5bc4923d0eab62180115d57
      size: 3382
    params:
      params.yaml:
        data_ingestion.test_size: 0.15
    outs:
    - path: data/raw
      hash: md5
      md5: e0ca0360b13b8deedbf58bd1670a9a90.dir
      size: 484846
      nfiles: 2
  data_preprocessing:
    cmd: python src/data_preprocessing.py
    deps:
    - path: data/raw
      hash: md5
      md5: e0ca0360b13b8deedbf58bd1670a9a90.dir
      size: 484846
      nfiles: 2
    - path: src/data_preprocessing.py
      hash: md5
      md5: 2b0d15a79eefb67f9a2df8bf6dab7763
      size: 4135
    outs:
    - path: data/interim
      hash: md5
      md5: c562208b95dbe7892e4515b901cdb005.dir
      size: 398989
      nfiles: 2
  feature_engineering:
    cmd: python src/feature_engineering.py
    deps:
    - path: data/interim
      hash: md5
      md5: c562208b95dbe7892e4515b901cdb005.dir
      size: 398989
      nfiles: 2
    - path: src/feature_engineering.py
      hash: md5
      md5: d4c4fda310ba302664bf88b19364574d
      size: 3614
    params:
      params.yaml:
        feature_engineering.max_features: 35
    outs:
    - path: data/processed
      hash: md5
      md5: c0edd7b491274ffbc29c98ab86ae520d.dir
      size: 1022309
      nfiles: 2
  model_building:
    cmd: python src/model_building.py
    deps:
    - path: data/processed
      hash: md5
      md5: c0edd7b491274ffbc29c98ab86ae520d.dir
      size: 1022309
      nfiles: 2
    - path: src/model_building.py
      hash: md5
      md5: ec185ecab4057600b9db5b15b2677567
      size: 3993
    params:
      params.yaml:
        model_building.n_estimators: 22
        model_building.random_state: 42
    outs:
    - path: models/model.pkl
      hash: md5
      md5: 32c822eac56d8409a7d7150cb7fea073
      size: 1318281
  model_evaluation:
    cmd: python src/model_evaluation.py
    deps:
    - path: models/model.pkl
      hash: md5
      md5: 32c822eac56d8409a7d7150cb7fea073
      size: 1318281
    - path: src/model_evaluation.py
      hash: md5
      md5: 28a8eea10906a2437216a174191dfe48
      size: 4405
    outs:
    - path: reports/metrics.json
      hash: md5
      md5: f9d0c5488c1515a1158ad957abda53ae
      size: 144
